// !$*UTF8*$!
{
	archiveVersion = 1;
	classes = {
	};
	objectVersion = 50;
	objects = {

/* Begin PBXBuildFile section */
		2F390215247EDFBF006B31CB /* BaseFC.swift in Sources */ = {isa = PBXBuildFile; fileRef = 2F390214247EDFBF006B31CB /* BaseFC.swift */; };
		2F390217247EE0AD006B31CB /* MainFC.swift in Sources */ = {isa = PBXBuildFile; fileRef = 2F390216247EE0AD006B31CB /* MainFC.swift */; };
		2F390219247EE173006B31CB /* SearchFC.swift in Sources */ = {isa = PBXBuildFile; fileRef = 2F390218247EE173006B31CB /* SearchFC.swift */; };
		2F39021B247EE341006B31CB /* BaseTabVC.swift in Sources */ = {isa = PBXBuildFile; fileRef = 2F39021A247EE341006B31CB /* BaseTabVC.swift */; };
		2F39021D247EEE35006B31CB /* PokemonListVC.swift in Sources */ = {isa = PBXBuildFile; fileRef = 2F39021C247EEE35006B31CB /* PokemonListVC.swift */; };
		2F39D5F92466074300E83E6F /* AppDelegate.swift in Sources */ = {isa = PBXBuildFile; fileRef = 2F39D5F82466074300E83E6F /* AppDelegate.swift */; };
		2F39D5FD2466074300E83E6F /* ViewController.swift in Sources */ = {isa = PBXBuildFile; fileRef = 2F39D5FC2466074300E83E6F /* ViewController.swift */; };
		2F39D6022466074400E83E6F /* Assets.xcassets in Resources */ = {isa = PBXBuildFile; fileRef = 2F39D6012466074400E83E6F /* Assets.xcassets */; };
		2F39D6052466074400E83E6F /* LaunchScreen.storyboard in Resources */ = {isa = PBXBuildFile; fileRef = 2F39D6032466074400E83E6F /* LaunchScreen.storyboard */; };
		2F39D60E2466081A00E83E6F /* AppContext.swift in Sources */ = {isa = PBXBuildFile; fileRef = 2F39D60D2466081A00E83E6F /* AppContext.swift */; };
		2F39D6132466093300E83E6F /* PokemonContext.swift in Sources */ = {isa = PBXBuildFile; fileRef = 2F39D6122466093300E83E6F /* PokemonContext.swift */; };
		2F39D6192466169B00E83E6F /* BaseNavigationController.swift in Sources */ = {isa = PBXBuildFile; fileRef = 2F39D6182466169B00E83E6F /* BaseNavigationController.swift */; };
		2F39D61C24661AFF00E83E6F /* BaseVC.swift in Sources */ = {isa = PBXBuildFile; fileRef = 2F39D61B24661AFF00E83E6F /* BaseVC.swift */; };
		2F39D62024661CE800E83E6F /* LandingView.swift in Sources */ = {isa = PBXBuildFile; fileRef = 2F39D61F24661CE800E83E6F /* LandingView.swift */; };
		2FC0618F2486E4260024E642 /* PokemonAPI.swift in Sources */ = {isa = PBXBuildFile; fileRef = 2FC0618E2486E4260024E642 /* PokemonAPI.swift */; };
		2FC06195248831E90024E642 /* TypesDS.swift in Sources */ = {isa = PBXBuildFile; fileRef = 2FC06194248831E90024E642 /* TypesDS.swift */; };
		2FC0619724883B8F0024E642 /* PokemonTypesDS.swift in Sources */ = {isa = PBXBuildFile; fileRef = 2FC0619624883B8F0024E642 /* PokemonTypesDS.swift */; };
		2FC0619924883C5F0024E642 /* TypesVC.swift in Sources */ = {isa = PBXBuildFile; fileRef = 2FC0619824883C5F0024E642 /* TypesVC.swift */; };
		2FC0619B24883CDF0024E642 /* PokemonService.swift in Sources */ = {isa = PBXBuildFile; fileRef = 2FC0619A24883CDF0024E642 /* PokemonService.swift */; };
		2FEE20A0247D98EA006EBE6A /* BaseTableVC.swift in Sources */ = {isa = PBXBuildFile; fileRef = 2FEE209F247D98EA006EBE6A /* BaseTableVC.swift */; };
		2FEE20A9247DA6C9006EBE6A /* Card.swift in Sources */ = {isa = PBXBuildFile; fileRef = 2FEE20A8247DA6C9006EBE6A /* Card.swift */; };
		2FEE20AB247DA6ED006EBE6A /* PokemonType.swift in Sources */ = {isa = PBXBuildFile; fileRef = 2FEE20AA247DA6ED006EBE6A /* PokemonType.swift */; };
		2FEE20AD247DA762006EBE6A /* CardResponse.swift in Sources */ = {isa = PBXBuildFile; fileRef = 2FEE20AC247DA762006EBE6A /* CardResponse.swift */; };
		2FEE20B0247DA8C9006EBE6A /* BaseDS.swift in Sources */ = {isa = PBXBuildFile; fileRef = 2FEE20AF247DA8C9006EBE6A /* BaseDS.swift */; };
		2FEE20B2247DAC3D006EBE6A /* TypeResponse.swift in Sources */ = {isa = PBXBuildFile; fileRef = 2FEE20B1247DAC3D006EBE6A /* TypeResponse.swift */; };
/* End PBXBuildFile section */

/* Begin PBXFileReference section */
		2F390214247EDFBF006B31CB /* BaseFC.swift */ = {isa = PBXFileReference; lastKnownFileType = sourcecode.swift; path = BaseFC.swift; sourceTree = "<group>"; };
		2F390216247EE0AD006B31CB /* MainFC.swift */ = {isa = PBXFileReference; lastKnownFileType = sourcecode.swift; name = MainFC.swift; path = "pokemon-flow/Flows/MainFC.swift"; sourceTree = SOURCE_ROOT; };
		2F390218247EE173006B31CB /* SearchFC.swift */ = {isa = PBXFileReference; lastKnownFileType = sourcecode.swift; name = SearchFC.swift; path = "pokemon-flow/Flows/SearchFC.swift"; sourceTree = SOURCE_ROOT; };
		2F39021A247EE341006B31CB /* BaseTabVC.swift */ = {isa = PBXFileReference; lastKnownFileType = sourcecode.swift; path = BaseTabVC.swift; sourceTree = "<group>"; };
		2F39021C247EEE35006B31CB /* PokemonListVC.swift */ = {isa = PBXFileReference; fileEncoding = 4; lastKnownFileType = sourcecode.swift; path = PokemonListVC.swift; sourceTree = "<group>"; };
		2F39D5F52466074300E83E6F /* pokemon-flow.app */ = {isa = PBXFileReference; explicitFileType = wrapper.application; includeInIndex = 0; path = "pokemon-flow.app"; sourceTree = BUILT_PRODUCTS_DIR; };
		2F39D5F82466074300E83E6F /* AppDelegate.swift */ = {isa = PBXFileReference; lastKnownFileType = sourcecode.swift; path = AppDelegate.swift; sourceTree = "<group>"; };
		2F39D5FC2466074300E83E6F /* ViewController.swift */ = {isa = PBXFileReference; lastKnownFileType = sourcecode.swift; path = ViewController.swift; sourceTree = "<group>"; };
		2F39D6012466074400E83E6F /* Assets.xcassets */ = {isa = PBXFileReference; lastKnownFileType = folder.assetcatalog; path = Assets.xcassets; sourceTree = "<group>"; };
		2F39D6042466074400E83E6F /* Base */ = {isa = PBXFileReference; lastKnownFileType = file.storyboard; name = Base; path = Base.lproj/LaunchScreen.storyboard; sourceTree = "<group>"; };
		2F39D6062466074400E83E6F /* Info.plist */ = {isa = PBXFileReference; lastKnownFileType = text.plist.xml; path = Info.plist; sourceTree = "<group>"; };
		2F39D60D2466081A00E83E6F /* AppContext.swift */ = {isa = PBXFileReference; lastKnownFileType = sourcecode.swift; path = AppContext.swift; sourceTree = "<group>"; };
		2F39D6122466093300E83E6F /* PokemonContext.swift */ = {isa = PBXFileReference; lastKnownFileType = sourcecode.swift; path = PokemonContext.swift; sourceTree = "<group>"; };
		2F39D6182466169B00E83E6F /* BaseNavigationController.swift */ = {isa = PBXFileReference; lastKnownFileType = sourcecode.swift; path = BaseNavigationController.swift; sourceTree = "<group>"; };
		2F39D61B24661AFF00E83E6F /* BaseVC.swift */ = {isa = PBXFileReference; lastKnownFileType = sourcecode.swift; path = BaseVC.swift; sourceTree = "<group>"; };
		2F39D61F24661CE800E83E6F /* LandingView.swift */ = {isa = PBXFileReference; lastKnownFileType = sourcecode.swift; path = LandingView.swift; sourceTree = "<group>"; };
		2FC0618E2486E4260024E642 /* PokemonAPI.swift */ = {isa = PBXFileReference; lastKnownFileType = sourcecode.swift; path = PokemonAPI.swift; sourceTree = "<group>"; };
		2FC06194248831E90024E642 /* TypesDS.swift */ = {isa = PBXFileReference; fileEncoding = 4; lastKnownFileType = sourcecode.swift; path = TypesDS.swift; sourceTree = "<group>"; };
		2FC0619624883B8F0024E642 /* PokemonTypesDS.swift */ = {isa = PBXFileReference; lastKnownFileType = sourcecode.swift; path = PokemonTypesDS.swift; sourceTree = "<group>"; };
		2FC0619824883C5F0024E642 /* TypesVC.swift */ = {isa = PBXFileReference; lastKnownFileType = sourcecode.swift; path = TypesVC.swift; sourceTree = "<group>"; };
		2FC0619A24883CDF0024E642 /* PokemonService.swift */ = {isa = PBXFileReference; lastKnownFileType = sourcecode.swift; path = PokemonService.swift; sourceTree = "<group>"; };
		2FEE209F247D98EA006EBE6A /* BaseTableVC.swift */ = {isa = PBXFileReference; lastKnownFileType = sourcecode.swift; path = BaseTableVC.swift; sourceTree = "<group>"; };
		2FEE20A8247DA6C9006EBE6A /* Card.swift */ = {isa = PBXFileReference; lastKnownFileType = sourcecode.swift; name = Card.swift; path = "pokemon-flow/Models/Card.swift"; sourceTree = SOURCE_ROOT; };
		2FEE20AA247DA6ED006EBE6A /* PokemonType.swift */ = {isa = PBXFileReference; lastKnownFileType = sourcecode.swift; path = PokemonType.swift; sourceTree = "<group>"; };
		2FEE20AC247DA762006EBE6A /* CardResponse.swift */ = {isa = PBXFileReference; lastKnownFileType = sourcecode.swift; path = CardResponse.swift; sourceTree = "<group>"; };
		2FEE20AF247DA8C9006EBE6A /* BaseDS.swift */ = {isa = PBXFileReference; lastKnownFileType = sourcecode.swift; path = BaseDS.swift; sourceTree = "<group>"; };
		2FEE20B1247DAC3D006EBE6A /* TypeResponse.swift */ = {isa = PBXFileReference; lastKnownFileType = sourcecode.swift; path = TypeResponse.swift; sourceTree = "<group>"; };
/* End PBXFileReference section */

/* Begin PBXFrameworksBuildPhase section */
		2F39D5F22466074300E83E6F /* Frameworks */ = {
			isa = PBXFrameworksBuildPhase;
			buildActionMask = 2147483647;
			files = (
			);
			runOnlyForDeploymentPostprocessing = 0;
		};
/* End PBXFrameworksBuildPhase section */

/* Begin PBXGroup section */
		2F390212247EDFAD006B31CB /* Flows */ = {
			isa = PBXGroup;
			children = (
				2F390216247EE0AD006B31CB /* MainFC.swift */,
				2F390218247EE173006B31CB /* SearchFC.swift */,
				2F390213247EDFB3006B31CB /* Base */,
			);
			path = Flows;
			sourceTree = "<group>";
		};
		2F390213247EDFB3006B31CB /* Base */ = {
			isa = PBXGroup;
			children = (
				2F390214247EDFBF006B31CB /* BaseFC.swift */,
			);
			path = Base;
			sourceTree = "<group>";
		};
		2F39D5EC2466074300E83E6F = {
			isa = PBXGroup;
			children = (
				2F39D5F72466074300E83E6F /* pokemon-flow */,
				2F39D5F62466074300E83E6F /* Products */,
			);
			sourceTree = "<group>";
		};
		2F39D5F62466074300E83E6F /* Products */ = {
			isa = PBXGroup;
			children = (
				2F39D5F52466074300E83E6F /* pokemon-flow.app */,
			);
			name = Products;
			sourceTree = "<group>";
		};
		2F39D5F72466074300E83E6F /* pokemon-flow */ = {
			isa = PBXGroup;
			children = (
				2F390212247EDFAD006B31CB /* Flows */,
				2FEE20A7247DA687006EBE6A /* DataSources */,
				2FEE20A5247DA599006EBE6A /* Models */,
				2F39D6112466087600E83E6F /* Views */,
				2F39D6102466086300E83E6F /* Controllers */,
				2F39D60C246607F900E83E6F /* Context */,
				2F39D5F82466074300E83E6F /* AppDelegate.swift */,
				2F39D5FC2466074300E83E6F /* ViewController.swift */,
				2F39D6012466074400E83E6F /* Assets.xcassets */,
				2F39D6032466074400E83E6F /* LaunchScreen.storyboard */,
				2F39D6062466074400E83E6F /* Info.plist */,
			);
			path = "pokemon-flow";
			sourceTree = "<group>";
		};
		2F39D60C246607F900E83E6F /* Context */ = {
			isa = PBXGroup;
			children = (
				2FC0618C2486E3F10024E642 /* Services */,
				2F39D60D2466081A00E83E6F /* AppContext.swift */,
				2F39D6122466093300E83E6F /* PokemonContext.swift */,
			);
			path = Context;
			sourceTree = "<group>";
		};
		2F39D6102466086300E83E6F /* Controllers */ = {
			isa = PBXGroup;
			children = (
				2F39D61A24661A9D00E83E6F /* Base */,
				2F39021C247EEE35006B31CB /* PokemonListVC.swift */,
				2FC0619824883C5F0024E642 /* TypesVC.swift */,
			);
			path = Controllers;
			sourceTree = "<group>";
		};
		2F39D6112466087600E83E6F /* Views */ = {
			isa = PBXGroup;
			children = (
				2F39D61F24661CE800E83E6F /* LandingView.swift */,
			);
			path = Views;
			sourceTree = "<group>";
		};
		2F39D61A24661A9D00E83E6F /* Base */ = {
			isa = PBXGroup;
			children = (
				2F39D6182466169B00E83E6F /* BaseNavigationController.swift */,
				2F39D61B24661AFF00E83E6F /* BaseVC.swift */,
				2FEE209F247D98EA006EBE6A /* BaseTableVC.swift */,
				2F39021A247EE341006B31CB /* BaseTabVC.swift */,
			);
			path = Base;
			sourceTree = "<group>";
		};
		2FC0618C2486E3F10024E642 /* Services */ = {
			isa = PBXGroup;
			children = (
				2FC0618D2486E4190024E642 /* API */,
			);
			path = Services;
			sourceTree = "<group>";
		};
		2FC0618D2486E4190024E642 /* API */ = {
			isa = PBXGroup;
			children = (
				2FC0618E2486E4260024E642 /* PokemonAPI.swift */,
				2FC0619A24883CDF0024E642 /* PokemonService.swift */,
			);
			path = API;
			sourceTree = "<group>";
		};
		2FEE20A5247DA599006EBE6A /* Models */ = {
			isa = PBXGroup;
			children = (
				2FEE20A8247DA6C9006EBE6A /* Card.swift */,
				2FEE20AA247DA6ED006EBE6A /* PokemonType.swift */,
				2FEE20AC247DA762006EBE6A /* CardResponse.swift */,
				2FEE20B1247DAC3D006EBE6A /* TypeResponse.swift */,
			);
			path = Models;
			sourceTree = "<group>";
		};
		2FEE20A7247DA687006EBE6A /* DataSources */ = {
			isa = PBXGroup;
			children = (
				2FEE20AE247DA8AD006EBE6A /* Base */,
				2FC06194248831E90024E642 /* TypesDS.swift */,
				2FC0619624883B8F0024E642 /* PokemonTypesDS.swift */,
			);
			path = DataSources;
			sourceTree = "<group>";
		};
		2FEE20AE247DA8AD006EBE6A /* Base */ = {
			isa = PBXGroup;
			children = (
				2FEE20AF247DA8C9006EBE6A /* BaseDS.swift */,
			);
			path = Base;
			sourceTree = "<group>";
		};
/* End PBXGroup section */

/* Begin PBXNativeTarget section */
		2F39D5F42466074300E83E6F /* pokemon-flow */ = {
			isa = PBXNativeTarget;
			buildConfigurationList = 2F39D6092466074400E83E6F /* Build configuration list for PBXNativeTarget "pokemon-flow" */;
			buildPhases = (
				2F39D5F12466074300E83E6F /* Sources */,
				2F39D5F22466074300E83E6F /* Frameworks */,
				2F39D5F32466074300E83E6F /* Resources */,
			);
			buildRules = (
			);
			dependencies = (
			);
			name = "pokemon-flow";
			productName = "pokemon-flow";
			productReference = 2F39D5F52466074300E83E6F /* pokemon-flow.app */;
			productType = "com.apple.product-type.application";
		};
/* End PBXNativeTarget section */

/* Begin PBXProject section */
		2F39D5ED2466074300E83E6F /* Project object */ = {
			isa = PBXProject;
			attributes = {
				LastSwiftUpdateCheck = 1130;
				LastUpgradeCheck = 1130;
				ORGANIZATIONNAME = "Yaz Jallad";
				TargetAttributes = {
					2F39D5F42466074300E83E6F = {
						CreatedOnToolsVersion = 11.3.1;
					};
				};
			};
			buildConfigurationList = 2F39D5F02466074300E83E6F /* Build configuration list for PBXProject "pokemon-flow" */;
			compatibilityVersion = "Xcode 9.3";
			developmentRegion = en;
			hasScannedForEncodings = 0;
			knownRegions = (
				en,
				Base,
			);
			mainGroup = 2F39D5EC2466074300E83E6F;
			productRefGroup = 2F39D5F62466074300E83E6F /* Products */;
			projectDirPath = "";
			projectRoot = "";
			targets = (
				2F39D5F42466074300E83E6F /* pokemon-flow */,
			);
		};
/* End PBXProject section */

/* Begin PBXResourcesBuildPhase section */
		2F39D5F32466074300E83E6F /* Resources */ = {
			isa = PBXResourcesBuildPhase;
			buildActionMask = 2147483647;
			files = (
				2F39D6052466074400E83E6F /* LaunchScreen.storyboard in Resources */,
				2F39D6022466074400E83E6F /* Assets.xcassets in Resources */,
			);
			runOnlyForDeploymentPostprocessing = 0;
		};
/* End PBXResourcesBuildPhase section */

/* Begin PBXSourcesBuildPhase section */
		2F39D5F12466074300E83E6F /* Sources */ = {
			isa = PBXSourcesBuildPhase;
			buildActionMask = 2147483647;
			files = (
				2F39D60E2466081A00E83E6F /* AppContext.swift in Sources */,
				2F39D6192466169B00E83E6F /* BaseNavigationController.swift in Sources */,
				2F39D6132466093300E83E6F /* PokemonContext.swift in Sources */,
				2FC0619B24883CDF0024E642 /* PokemonService.swift in Sources */,
				2F39D62024661CE800E83E6F /* LandingView.swift in Sources */,
				2FEE20A9247DA6C9006EBE6A /* Card.swift in Sources */,
				2F390217247EE0AD006B31CB /* MainFC.swift in Sources */,
				2FEE20A0247D98EA006EBE6A /* BaseTableVC.swift in Sources */,
				2F39D61C24661AFF00E83E6F /* BaseVC.swift in Sources */,
				2F39D5FD2466074300E83E6F /* ViewController.swift in Sources */,
				2FC06195248831E90024E642 /* TypesDS.swift in Sources */,
				2FEE20B0247DA8C9006EBE6A /* BaseDS.swift in Sources */,
				2F390215247EDFBF006B31CB /* BaseFC.swift in Sources */,
				2FC0619924883C5F0024E642 /* TypesVC.swift in Sources */,
				2FEE20B2247DAC3D006EBE6A /* TypeResponse.swift in Sources */,
				2F39D5F92466074300E83E6F /* AppDelegate.swift in Sources */,
				2FEE20AD247DA762006EBE6A /* CardResponse.swift in Sources */,
				2F39021D247EEE35006B31CB /* PokemonListVC.swift in Sources */,
				2FC0618F2486E4260024E642 /* PokemonAPI.swift in Sources */,
				2FC0619724883B8F0024E642 /* PokemonTypesDS.swift in Sources */,
				2F390219247EE173006B31CB /* SearchFC.swift in Sources */,
				2F39021B247EE341006B31CB /* BaseTabVC.swift in Sources */,
				2FEE20AB247DA6ED006EBE6A /* PokemonType.swift in Sources */,
			);
			runOnlyForDeploymentPostprocessing = 0;
		};
/* End PBXSourcesBuildPhase section */

/* Begin PBXVariantGroup section */
		2F39D6032466074400E83E6F /* LaunchScreen.storyboard */ = {
			isa = PBXVariantGroup;
			children = (
				2F39D6042466074400E83E6F /* Base */,
			);
			name = LaunchScreen.storyboard;
			sourceTree = "<group>";
		};
/* End PBXVariantGroup section */

/* Begin XCBuildConfiguration section */
		2F39D6072466074400E83E6F /* Debug */ = {
			isa = XCBuildConfiguration;
			buildSettings = {
				ALWAYS_SEARCH_USER_PATHS = NO;
				CLANG_ANALYZER_NONNULL = YES;
				CLANG_ANALYZER_NUMBER_OBJECT_CONVERSION = YES_AGGRESSIVE;
				CLANG_CXX_LANGUAGE_STANDARD = "gnu++14";
				CLANG_CXX_LIBRARY = "libc++";
				CLANG_ENABLE_MODULES = YES;
				CLANG_ENABLE_OBJC_ARC = YES;
				CLANG_ENABLE_OBJC_WEAK = YES;
				CLANG_WARN_BLOCK_CAPTURE_AUTORELEASING = YES;
				CLANG_WARN_BOOL_CONVERSION = YES;
				CLANG_WARN_COMMA = YES;
				CLANG_WARN_CONSTANT_CONVERSION = YES;
				CLANG_WARN_DEPRECATED_OBJC_IMPLEMENTATIONS = YES;
				CLANG_WARN_DIRECT_OBJC_ISA_USAGE = YES_ERROR;
				CLANG_WARN_DOCUMENTATION_COMMENTS = YES;
				CLANG_WARN_EMPTY_BODY = YES;
				CLANG_WARN_ENUM_CONVERSION = YES;
				CLANG_WARN_INFINITE_RECURSION = YES;
				CLANG_WARN_INT_CONVERSION = YES;
				CLANG_WARN_NON_LITERAL_NULL_CONVERSION = YES;
				CLANG_WARN_OBJC_IMPLICIT_RETAIN_SELF = YES;
				CLANG_WARN_OBJC_LITERAL_CONVERSION = YES;
				CLANG_WARN_OBJC_ROOT_CLASS = YES_ERROR;
				CLANG_WARN_RANGE_LOOP_ANALYSIS = YES;
				CLANG_WARN_STRICT_PROTOTYPES = YES;
				CLANG_WARN_SUSPICIOUS_MOVE = YES;
				CLANG_WARN_UNGUARDED_AVAILABILITY = YES_AGGRESSIVE;
				CLANG_WARN_UNREACHABLE_CODE = YES;
				CLANG_WARN__DUPLICATE_METHOD_MATCH = YES;
				COPY_PHASE_STRIP = NO;
				DEBUG_INFORMATION_FORMAT = dwarf;
				ENABLE_STRICT_OBJC_MSGSEND = YES;
				ENABLE_TESTABILITY = YES;
				GCC_C_LANGUAGE_STANDARD = gnu11;
				GCC_DYNAMIC_NO_PIC = NO;
				GCC_NO_COMMON_BLOCKS = YES;
				GCC_OPTIMIZATION_LEVEL = 0;
				GCC_PREPROCESSOR_DEFINITIONS = (
					"DEBUG=1",
					"$(inherited)",
				);
				GCC_WARN_64_TO_32_BIT_CONVERSION = YES;
				GCC_WARN_ABOUT_RETURN_TYPE = YES_ERROR;
				GCC_WARN_UNDECLARED_SELECTOR = YES;
				GCC_WARN_UNINITIALIZED_AUTOS = YES_AGGRESSIVE;
				GCC_WARN_UNUSED_FUNCTION = YES;
				GCC_WARN_UNUSED_VARIABLE = YES;
				IPHONEOS_DEPLOYMENT_TARGET = 13.2;
				MTL_ENABLE_DEBUG_INFO = INCLUDE_SOURCE;
				MTL_FAST_MATH = YES;
				ONLY_ACTIVE_ARCH = YES;
				SDKROOT = iphoneos;
				SWIFT_ACTIVE_COMPILATION_CONDITIONS = DEBUG;
				SWIFT_OPTIMIZATION_LEVEL = "-Onone";
			};
			name = Debug;
		};
		2F39D6082466074400E83E6F /* Release */ = {
			isa = XCBuildConfiguration;
			buildSettings = {
				ALWAYS_SEARCH_USER_PATHS = NO;
				CLANG_ANALYZER_NONNULL = YES;
				CLANG_ANALYZER_NUMBER_OBJECT_CONVERSION = YES_AGGRESSIVE;
				CLANG_CXX_LANGUAGE_STANDARD = "gnu++14";
				CLANG_CXX_LIBRARY = "libc++";
				CLANG_ENABLE_MODULES = YES;
				CLANG_ENABLE_OBJC_ARC = YES;
				CLANG_ENABLE_OBJC_WEAK = YES;
				CLANG_WARN_BLOCK_CAPTURE_AUTORELEASING = YES;
				CLANG_WARN_BOOL_CONVERSION = YES;
				CLANG_WARN_COMMA = YES;
				CLANG_WARN_CONSTANT_CONVERSION = YES;
				CLANG_WARN_DEPRECATED_OBJC_IMPLEMENTATIONS = YES;
				CLANG_WARN_DIRECT_OBJC_ISA_USAGE = YES_ERROR;
				CLANG_WARN_DOCUMENTATION_COMMENTS = YES;
				CLANG_WARN_EMPTY_BODY = YES;
				CLANG_WARN_ENUM_CONVERSION = YES;
				CLANG_WARN_INFINITE_RECURSION = YES;
				CLANG_WARN_INT_CONVERSION = YES;
				CLANG_WARN_NON_LITERAL_NULL_CONVERSION = YES;
				CLANG_WARN_OBJC_IMPLICIT_RETAIN_SELF = YES;
				CLANG_WARN_OBJC_LITERAL_CONVERSION = YES;
				CLANG_WARN_OBJC_ROOT_CLASS = YES_ERROR;
				CLANG_WARN_RANGE_LOOP_ANALYSIS = YES;
				CLANG_WARN_STRICT_PROTOTYPES = YES;
				CLANG_WARN_SUSPICIOUS_MOVE = YES;
				CLANG_WARN_UNGUARDED_AVAILABILITY = YES_AGGRESSIVE;
				CLANG_WARN_UNREACHABLE_CODE = YES;
				CLANG_WARN__DUPLICATE_METHOD_MATCH = YES;
				COPY_PHASE_STRIP = NO;
				DEBUG_INFORMATION_FORMAT = "dwarf-with-dsym";
				ENABLE_NS_ASSERTIONS = NO;
				ENABLE_STRICT_OBJC_MSGSEND = YES;
				GCC_C_LANGUAGE_STANDARD = gnu11;
				GCC_NO_COMMON_BLOCKS = YES;
				GCC_WARN_64_TO_32_BIT_CONVERSION = YES;
				GCC_WARN_ABOUT_RETURN_TYPE = YES_ERROR;
				GCC_WARN_UNDECLARED_SELECTOR = YES;
				GCC_WARN_UNINITIALIZED_AUTOS = YES_AGGRESSIVE;
				GCC_WARN_UNUSED_FUNCTION = YES;
				GCC_WARN_UNUSED_VARIABLE = YES;
				IPHONEOS_DEPLOYMENT_TARGET = 13.2;
				MTL_ENABLE_DEBUG_INFO = NO;
				MTL_FAST_MATH = YES;
				SDKROOT = iphoneos;
				SWIFT_COMPILATION_MODE = wholemodule;
				SWIFT_OPTIMIZATION_LEVEL = "-O";
				VALIDATE_PRODUCT = YES;
			};
			name = Release;
		};
		2F39D60A2466074400E83E6F /* Debug */ = {
			isa = XCBuildConfiguration;
			buildSettings = {
				ASSETCATALOG_COMPILER_APPICON_NAME = AppIcon;
				CODE_SIGN_STYLE = Automatic;
				DEVELOPMENT_TEAM = U4L693DAJG;
				INFOPLIST_FILE = "pokemon-flow/Info.plist";
				LD_RUNPATH_SEARCH_PATHS = (
					"$(inherited)",
					"@executable_path/Frameworks",
				);
				PRODUCT_BUNDLE_IDENTIFIER = "com.ninjaparade.pokemon-flow";
				PRODUCT_NAME = "$(TARGET_NAME)";
				SWIFT_VERSION = 5.0;
				TARGETED_DEVICE_FAMILY = "1,2";
			};
			name = Debug;
		};
		2F39D60B2466074400E83E6F /* Release */ = {
			isa = XCBuildConfiguration;
			buildSettings = {
				ASSETCATALOG_COMPILER_APPICON_NAME = AppIcon;
				CODE_SIGN_STYLE = Automatic;
				DEVELOPMENT_TEAM = U4L693DAJG;
				INFOPLIST_FILE = "pokemon-flow/Info.plist";
				LD_RUNPATH_SEARCH_PATHS = (
					"$(inherited)",
					"@executable_path/Frameworks",
				);
				PRODUCT_BUNDLE_IDENTIFIER = "com.ninjaparade.pokemon-flow";
				PRODUCT_NAME = "$(TARGET_NAME)";
				SWIFT_VERSION = 5.0;
				TARGETED_DEVICE_FAMILY = "1,2";
			};
			name = Release;
		};
/* End XCBuildConfiguration section */

/* Begin XCConfigurationList section */
		2F39D5F02466074300E83E6F /* Build configuration list for PBXProject "pokemon-flow" */ = {
			isa = XCConfigurationList;
			buildConfigurations = (
				2F39D6072466074400E83E6F /* Debug */,
				2F39D6082466074400E83E6F /* Release */,
			);
			defaultConfigurationIsVisible = 0;
			defaultConfigurationName = Release;
		};
		2F39D6092466074400E83E6F /* Build configuration list for PBXNativeTarget "pokemon-flow" */ = {
			isa = XCConfigurationList;
			buildConfigurations = (
				2F39D60A2466074400E83E6F /* Debug */,
				2F39D60B2466074400E83E6F /* Release */,
			);
			defaultConfigurationIsVisible = 0;
			defaultConfigurationName = Release;
		};
/* End XCConfigurationList section */
	};
	rootObject = 2F39D5ED2466074300E83E6F /* Project object */;
}
